
Microsoft Visual Studio Solution File, Format Version 12.00
# Visual Studio Version 17
VisualStudioVersion = 17.4.33213.308
MinimumVisualStudioVersion = 10.0.40219.1
Project("{FAE04EC0-301F-11D3-BF4B-00C04F79EFBC}") = "ZeroHungry", "ZeroHungry.csproj", "{D2A0DBBD-F017-4D41-8949-F6CFFFD1C84A}"
EndProject
Global
	GlobalSection(SolutionConfigurationPlatforms) = preSolution
		Debug|Any CPU = Debug|Any CPU
		Release|Any CPU = Release|Any CPU
	EndGlobalSection
	GlobalSection(ProjectConfigurationPlatforms) = postSolution
		{D2A0DBBD-F017-4D41-8949-F6CFFFD1C84A}.Debug|Any CPU.ActiveCfg = Debug|Any CPU
		{D2A0DBBD-F017-4D41-8949-F6CFFFD1C84A}.Debug|Any CPU.Build.0 = Debug|Any CPU
		{D2A0DBBD-F017-4D41-8949-F6CFFFD1C84A}.Release|Any CPU.ActiveCfg = Release|Any CPU
		{D2A0DBBD-F017-4D41-8949-F6CFFFD1C84A}.Release|Any CPU.Build.0 = Release|Any CPU
	EndGlobalSection
	GlobalSection(SolutionProperties) = preSolution
		HideSolutionNode = FALSE
	EndGlobalSection
	GlobalSection(ExtensibilityGlobals) = postSolution
		SolutionGuid = {20F8D716-2B66-4794-8503-5DC75EF6E569}
	EndGlobalSection
EndGlobal
